
Microsoft Visual Studio Solution File, Format Version 12.00
# Visual Studio 15
VisualStudioVersion = 15.0.28307.271
MinimumVisualStudioVersion = 10.0.40219.1
Project("{9A19103F-16F7-4668-BE54-9A1E7A4F7556}") = "RestAPI", "RestAPI\RestAPI.csproj", "{7C6709FA-C4FF-4651-9F42-F039F78CD272}"
EndProject
Project("{FAE04EC0-301F-11D3-BF4B-00C04F79EFBC}") = "BLL", "BLL\BLL.csproj", "{AADAFE27-3064-4ABF-ACE3-0F5528E2A8D7}"
EndProject
Project("{FAE04EC0-301F-11D3-BF4B-00C04F79EFBC}") = "SHARED", "SHARED\SHARED.csproj", "{285F24CF-C85A-4452-905B-FF55CC4ADBE3}"
EndProject
Project("{FAE04EC0-301F-11D3-BF4B-00C04F79EFBC}") = "DAL", "DAL\DAL.csproj", "{A454A228-C073-4D75-B019-E2C026FB068C}"
EndProject
Global
	GlobalSection(SolutionConfigurationPlatforms) = preSolution
		Debug|Any CPU = Debug|Any CPU
		Release|Any CPU = Release|Any CPU
	EndGlobalSection
	GlobalSection(ProjectConfigurationPlatforms) = postSolution
		{7C6709FA-C4FF-4651-9F42-F039F78CD272}.Debug|Any CPU.ActiveCfg = Debug|Any CPU
		{7C6709FA-C4FF-4651-9F42-F039F78CD272}.Debug|Any CPU.Build.0 = Debug|Any CPU
		{7C6709FA-C4FF-4651-9F42-F039F78CD272}.Release|Any CPU.ActiveCfg = Release|Any CPU
		{7C6709FA-C4FF-4651-9F42-F039F78CD272}.Release|Any CPU.Build.0 = Release|Any CPU
		{AADAFE27-3064-4ABF-ACE3-0F5528E2A8D7}.Debug|Any CPU.ActiveCfg = Debug|Any CPU
		{AADAFE27-3064-4ABF-ACE3-0F5528E2A8D7}.Debug|Any CPU.Build.0 = Debug|Any CPU
		{AADAFE27-3064-4ABF-ACE3-0F5528E2A8D7}.Release|Any CPU.ActiveCfg = Release|Any CPU
		{AADAFE27-3064-4ABF-ACE3-0F5528E2A8D7}.Release|Any CPU.Build.0 = Release|Any CPU
		{285F24CF-C85A-4452-905B-FF55CC4ADBE3}.Debug|Any CPU.ActiveCfg = Debug|Any CPU
		{285F24CF-C85A-4452-905B-FF55CC4ADBE3}.Debug|Any CPU.Build.0 = Debug|Any CPU
		{285F24CF-C85A-4452-905B-FF55CC4ADBE3}.Release|Any CPU.ActiveCfg = Release|Any CPU
		{285F24CF-C85A-4452-905B-FF55CC4ADBE3}.Release|Any CPU.Build.0 = Release|Any CPU
		{A454A228-C073-4D75-B019-E2C026FB068C}.Debug|Any CPU.ActiveCfg = Debug|Any CPU
		{A454A228-C073-4D75-B019-E2C026FB068C}.Debug|Any CPU.Build.0 = Debug|Any CPU
		{A454A228-C073-4D75-B019-E2C026FB068C}.Release|Any CPU.ActiveCfg = Release|Any CPU
		{A454A228-C073-4D75-B019-E2C026FB068C}.Release|Any CPU.Build.0 = Release|Any CPU
	EndGlobalSection
	GlobalSection(SolutionProperties) = preSolution
		HideSolutionNode = FALSE
	EndGlobalSection
	GlobalSection(ExtensibilityGlobals) = postSolution
		SolutionGuid = {93854F22-6544-4450-BAC0-307EB3285C34}
	EndGlobalSection
EndGlobal
